
Microsoft Visual Studio Solution File, Format Version 12.00
# Visual Studio Version 17
VisualStudioVersion = 17.4.33213.308
MinimumVisualStudioVersion = 10.0.40219.1
Project("{FAE04EC0-301F-11D3-BF4B-00C04F79EFBC}") = "SensorApplication", "SensorApplication\SensorApplication.csproj", "{FAEAFCF7-77EE-4814-B370-4905812D10F1}"
EndProject
Global
	GlobalSection(SolutionConfigurationPlatforms) = preSolution
		Debug|Any CPU = Debug|Any CPU
		Release|Any CPU = Release|Any CPU
	EndGlobalSection
	GlobalSection(ProjectConfigurationPlatforms) = postSolution
		{FAEAFCF7-77EE-4814-B370-4905812D10F1}.Debug|Any CPU.ActiveCfg = Debug|Any CPU
		{FAEAFCF7-77EE-4814-B370-4905812D10F1}.Debug|Any CPU.Build.0 = Debug|Any CPU
		{FAEAFCF7-77EE-4814-B370-4905812D10F1}.Release|Any CPU.ActiveCfg = Release|Any CPU
		{FAEAFCF7-77EE-4814-B370-4905812D10F1}.Release|Any CPU.Build.0 = Release|Any CPU
	EndGlobalSection
	GlobalSection(SolutionProperties) = preSolution
		HideSolutionNode = FALSE
	EndGlobalSection
	GlobalSection(ExtensibilityGlobals) = postSolution
		SolutionGuid = {5E8DB621-4B8D-4116-B2D7-49EF2765A3BA}
	EndGlobalSection
EndGlobal
